
Microsoft Visual Studio Solution File, Format Version 12.00
# Visual Studio Version 17
VisualStudioVersion = 17.2.32516.85
MinimumVisualStudioVersion = 10.0.40219.1
Project("{9A19103F-16F7-4668-BE54-9A1E7A4F7556}") = "GamerHub.API", "GamerHub-BackEnd\GamerHub.API.csproj", "{8A519121-71E9-407B-A820-9410CD6F288D}"
EndProject
Project("{9A19103F-16F7-4668-BE54-9A1E7A4F7556}") = "GamerHub.CORE", "GamerHub.CORE\GamerHub.CORE.csproj", "{EFD23F12-CA5B-48F1-8AB8-FD22422A627D}"
EndProject
Project("{9A19103F-16F7-4668-BE54-9A1E7A4F7556}") = "GamerHub.DATA", "GamerHub.DATA\GamerHub.DATA.csproj", "{6025DBA5-528D-461C-86EA-5A16EBAC243F}"
EndProject
Project("{9A19103F-16F7-4668-BE54-9A1E7A4F7556}") = "GamerHub.SERVICE", "GamerHub.SERVICE\GamerHub.SERVICE.csproj", "{6152EB71-4D78-4EFE-8B2F-AFF6DF38165D}"
EndProject
Global
	GlobalSection(SolutionConfigurationPlatforms) = preSolution
		Debug|Any CPU = Debug|Any CPU
		Release|Any CPU = Release|Any CPU
	EndGlobalSection
	GlobalSection(ProjectConfigurationPlatforms) = postSolution
		{8A519121-71E9-407B-A820-9410CD6F288D}.Debug|Any CPU.ActiveCfg = Debug|Any CPU
		{8A519121-71E9-407B-A820-9410CD6F288D}.Debug|Any CPU.Build.0 = Debug|Any CPU
		{8A519121-71E9-407B-A820-9410CD6F288D}.Release|Any CPU.ActiveCfg = Release|Any CPU
		{8A519121-71E9-407B-A820-9410CD6F288D}.Release|Any CPU.Build.0 = Release|Any CPU
		{EFD23F12-CA5B-48F1-8AB8-FD22422A627D}.Debug|Any CPU.ActiveCfg = Debug|Any CPU
		{EFD23F12-CA5B-48F1-8AB8-FD22422A627D}.Debug|Any CPU.Build.0 = Debug|Any CPU
		{EFD23F12-CA5B-48F1-8AB8-FD22422A627D}.Release|Any CPU.ActiveCfg = Release|Any CPU
		{EFD23F12-CA5B-48F1-8AB8-FD22422A627D}.Release|Any CPU.Build.0 = Release|Any CPU
		{6025DBA5-528D-461C-86EA-5A16EBAC243F}.Debug|Any CPU.ActiveCfg = Debug|Any CPU
		{6025DBA5-528D-461C-86EA-5A16EBAC243F}.Debug|Any CPU.Build.0 = Debug|Any CPU
		{6025DBA5-528D-461C-86EA-5A16EBAC243F}.Release|Any CPU.ActiveCfg = Release|Any CPU
		{6025DBA5-528D-461C-86EA-5A16EBAC243F}.Release|Any CPU.Build.0 = Release|Any CPU
		{6152EB71-4D78-4EFE-8B2F-AFF6DF38165D}.Debug|Any CPU.ActiveCfg = Debug|Any CPU
		{6152EB71-4D78-4EFE-8B2F-AFF6DF38165D}.Debug|Any CPU.Build.0 = Debug|Any CPU
		{6152EB71-4D78-4EFE-8B2F-AFF6DF38165D}.Release|Any CPU.ActiveCfg = Release|Any CPU
		{6152EB71-4D78-4EFE-8B2F-AFF6DF38165D}.Release|Any CPU.Build.0 = Release|Any CPU
	EndGlobalSection
	GlobalSection(SolutionProperties) = preSolution
		HideSolutionNode = FALSE
	EndGlobalSection
	GlobalSection(ExtensibilityGlobals) = postSolution
		SolutionGuid = {C7A9EB99-8887-4DA5-84BA-81063437619D}
	EndGlobalSection
EndGlobal
